
Microsoft Visual Studio Solution File, Format Version 12.00
# Visual Studio Version 16
VisualStudioVersion = 16.0.31702.278
MinimumVisualStudioVersion = 10.0.40219.1
Project("{FAE04EC0-301F-11D3-BF4B-00C04F79EFBC}") = "Subsequence", "Subsequence.csproj", "{A6CF3702-EFD5-48EF-9A5B-7C6DFF9F1BDF}"
EndProject
Global
	GlobalSection(SolutionConfigurationPlatforms) = preSolution
		Debug|Any CPU = Debug|Any CPU
		Release|Any CPU = Release|Any CPU
	EndGlobalSection
	GlobalSection(ProjectConfigurationPlatforms) = postSolution
		{A6CF3702-EFD5-48EF-9A5B-7C6DFF9F1BDF}.Debug|Any CPU.ActiveCfg = Debug|Any CPU
		{A6CF3702-EFD5-48EF-9A5B-7C6DFF9F1BDF}.Debug|Any CPU.Build.0 = Debug|Any CPU
		{A6CF3702-EFD5-48EF-9A5B-7C6DFF9F1BDF}.Release|Any CPU.ActiveCfg = Release|Any CPU
		{A6CF3702-EFD5-48EF-9A5B-7C6DFF9F1BDF}.Release|Any CPU.Build.0 = Release|Any CPU
	EndGlobalSection
	GlobalSection(SolutionProperties) = preSolution
		HideSolutionNode = FALSE
	EndGlobalSection
	GlobalSection(ExtensibilityGlobals) = postSolution
		SolutionGuid = {BDD70970-87E9-4CBC-B7FD-F60585C9D944}
	EndGlobalSection
EndGlobal
